
Microsoft Visual Studio Solution File, Format Version 12.00
# Visual Studio Version 17
VisualStudioVersion = 17.4.33205.214
MinimumVisualStudioVersion = 10.0.40219.1
Project("{FAE04EC0-301F-11D3-BF4B-00C04F79EFBC}") = "HomeWork(54,56,58,60,62)", "HomeWork(54,56,58,60,62)\HomeWork(54,56,58,60,62).csproj", "{B8EAC9E6-228D-4F6C-81E2-4B7881D46771}"
EndProject
Global
	GlobalSection(SolutionConfigurationPlatforms) = preSolution
		Debug|Any CPU = Debug|Any CPU
		Release|Any CPU = Release|Any CPU
	EndGlobalSection
	GlobalSection(ProjectConfigurationPlatforms) = postSolution
		{B8EAC9E6-228D-4F6C-81E2-4B7881D46771}.Debug|Any CPU.ActiveCfg = Debug|Any CPU
		{B8EAC9E6-228D-4F6C-81E2-4B7881D46771}.Debug|Any CPU.Build.0 = Debug|Any CPU
		{B8EAC9E6-228D-4F6C-81E2-4B7881D46771}.Release|Any CPU.ActiveCfg = Release|Any CPU
		{B8EAC9E6-228D-4F6C-81E2-4B7881D46771}.Release|Any CPU.Build.0 = Release|Any CPU
	EndGlobalSection
	GlobalSection(SolutionProperties) = preSolution
		HideSolutionNode = FALSE
	EndGlobalSection
	GlobalSection(ExtensibilityGlobals) = postSolution
		SolutionGuid = {B682041B-B701-4708-AFDB-F001A7C43A4C}
	EndGlobalSection
EndGlobal
