
Microsoft Visual Studio Solution File, Format Version 12.00
# Visual Studio Version 17
VisualStudioVersion = 17.4.33213.308
MinimumVisualStudioVersion = 10.0.40219.1
Project("{FAE04EC0-301F-11D3-BF4B-00C04F79EFBC}") = "HomeWork3in1(34,36,38)", "HomeWork3in1(34,36,38)\HomeWork3in1(34,36,38).csproj", "{8094502E-ED32-4921-961B-793A41608F2A}"
EndProject
Global
	GlobalSection(SolutionConfigurationPlatforms) = preSolution
		Debug|Any CPU = Debug|Any CPU
		Release|Any CPU = Release|Any CPU
	EndGlobalSection
	GlobalSection(ProjectConfigurationPlatforms) = postSolution
		{8094502E-ED32-4921-961B-793A41608F2A}.Debug|Any CPU.ActiveCfg = Debug|Any CPU
		{8094502E-ED32-4921-961B-793A41608F2A}.Debug|Any CPU.Build.0 = Debug|Any CPU
		{8094502E-ED32-4921-961B-793A41608F2A}.Release|Any CPU.ActiveCfg = Release|Any CPU
		{8094502E-ED32-4921-961B-793A41608F2A}.Release|Any CPU.Build.0 = Release|Any CPU
	EndGlobalSection
	GlobalSection(SolutionProperties) = preSolution
		HideSolutionNode = FALSE
	EndGlobalSection
	GlobalSection(ExtensibilityGlobals) = postSolution
		SolutionGuid = {AFFEE469-02D6-4A69-AA1B-24364E817C19}
	EndGlobalSection
EndGlobal
